
Microsoft Visual Studio Solution File, Format Version 12.00
# Visual Studio Version 16
VisualStudioVersion = 16.0.30503.244
MinimumVisualStudioVersion = 10.0.40219.1
Project("{FAE04EC0-301F-11D3-BF4B-00C04F79EFBC}") = "ForumTest2", "ForumTest2\ForumTest2.csproj", "{0F54A72A-5921-401F-8AF7-87FFFE999D64}"
EndProject
Global
	GlobalSection(SolutionConfigurationPlatforms) = preSolution
		Debug|Any CPU = Debug|Any CPU
		Release|Any CPU = Release|Any CPU
	EndGlobalSection
	GlobalSection(ProjectConfigurationPlatforms) = postSolution
		{0F54A72A-5921-401F-8AF7-87FFFE999D64}.Debug|Any CPU.ActiveCfg = Debug|Any CPU
		{0F54A72A-5921-401F-8AF7-87FFFE999D64}.Debug|Any CPU.Build.0 = Debug|Any CPU
		{0F54A72A-5921-401F-8AF7-87FFFE999D64}.Release|Any CPU.ActiveCfg = Release|Any CPU
		{0F54A72A-5921-401F-8AF7-87FFFE999D64}.Release|Any CPU.Build.0 = Release|Any CPU
	EndGlobalSection
	GlobalSection(SolutionProperties) = preSolution
		HideSolutionNode = FALSE
	EndGlobalSection
	GlobalSection(ExtensibilityGlobals) = postSolution
		SolutionGuid = {5EF83060-2343-4E27-90CF-C9192A2421AD}
	EndGlobalSection
EndGlobal
